
Microsoft Visual Studio Solution File, Format Version 12.00
# Visual Studio Version 17
VisualStudioVersion = 17.3.32901.215
MinimumVisualStudioVersion = 10.0.40219.1
Project("{FAE04EC0-301F-11D3-BF4B-00C04F79EFBC}") = "SimpleAPI", "SimpleAPI\SimpleAPI.csproj", "{ED1CE356-CC5D-4BF2-B337-180922FE77B4}"
EndProject
Project("{FAE04EC0-301F-11D3-BF4B-00C04F79EFBC}") = "SimpleUI", "SimpleUI\SimpleUI.csproj", "{91829669-A26D-413C-8397-2F52D21D407D}"
EndProject
Global
	GlobalSection(SolutionConfigurationPlatforms) = preSolution
		Debug|Any CPU = Debug|Any CPU
		Release|Any CPU = Release|Any CPU
	EndGlobalSection
	GlobalSection(ProjectConfigurationPlatforms) = postSolution
		{ED1CE356-CC5D-4BF2-B337-180922FE77B4}.Debug|Any CPU.ActiveCfg = Debug|Any CPU
		{ED1CE356-CC5D-4BF2-B337-180922FE77B4}.Debug|Any CPU.Build.0 = Debug|Any CPU
		{ED1CE356-CC5D-4BF2-B337-180922FE77B4}.Release|Any CPU.ActiveCfg = Release|Any CPU
		{ED1CE356-CC5D-4BF2-B337-180922FE77B4}.Release|Any CPU.Build.0 = Release|Any CPU
		{91829669-A26D-413C-8397-2F52D21D407D}.Debug|Any CPU.ActiveCfg = Debug|Any CPU
		{91829669-A26D-413C-8397-2F52D21D407D}.Debug|Any CPU.Build.0 = Debug|Any CPU
		{91829669-A26D-413C-8397-2F52D21D407D}.Release|Any CPU.ActiveCfg = Release|Any CPU
		{91829669-A26D-413C-8397-2F52D21D407D}.Release|Any CPU.Build.0 = Release|Any CPU
	EndGlobalSection
	GlobalSection(SolutionProperties) = preSolution
		HideSolutionNode = FALSE
	EndGlobalSection
	GlobalSection(ExtensibilityGlobals) = postSolution
		SolutionGuid = {7E53CF9F-0409-4EC8-9ECF-0D07137714DE}
	EndGlobalSection
EndGlobal
